// !$*UTF8*$!
{
	archiveVersion = 1;
	classes = {
	};
	objectVersion = 46;
	objects = {

/* Begin PBXBuildFile section */
		3B08245716557E11000221B6 /* Items.m in Sources */ = {isa = PBXBuildFile; fileRef = 3B08245616557E11000221B6 /* Items.m */; };
		3B08245A16581C02000221B6 /* MessageUI.framework in Frameworks */ = {isa = PBXBuildFile; fileRef = 3B08245916581C01000221B6 /* MessageUI.framework */; };
		3B08245C1658937C000221B6 /* QuickLook.framework in Frameworks */ = {isa = PBXBuildFile; fileRef = 3B08245B1658937C000221B6 /* QuickLook.framework */; };
		3B1BFD0E16480D3B00CEE99A /* MIRCell.m in Sources */ = {isa = PBXBuildFile; fileRef = 3B1BFD0D16480D3B00CEE99A /* MIRCell.m */; };
		3B213F4D16648A6900BF2114 /* 0100.png in Resources */ = {isa = PBXBuildFile; fileRef = 3B213F4C16648A6900BF2114 /* 0100.png */; };
		3B213F5016648DEF00BF2114 /* 0101.png in Resources */ = {isa = PBXBuildFile; fileRef = 3B213F4E16648DEF00BF2114 /* 0101.png */; };
		3B213F5116648DEF00BF2114 /* 0102.png in Resources */ = {isa = PBXBuildFile; fileRef = 3B213F4F16648DEF00BF2114 /* 0102.png */; };
		3B213F5316648F7D00BF2114 /* 0200.png in Resources */ = {isa = PBXBuildFile; fileRef = 3B213F5216648F7D00BF2114 /* 0200.png */; };
		3B213F551664904B00BF2114 /* 0300.png in Resources */ = {isa = PBXBuildFile; fileRef = 3B213F541664904B00BF2114 /* 0300.png */; };
		3B213F571664957A00BF2114 /* 0500.png in Resources */ = {isa = PBXBuildFile; fileRef = 3B213F561664957A00BF2114 /* 0500.png */; };
		3B213F5D1664A0EF00BF2114 /* 0700.png in Resources */ = {isa = PBXBuildFile; fileRef = 3B213F581664A0EF00BF2114 /* 0700.png */; };
		3B213F5E1664A0EF00BF2114 /* 0701.png in Resources */ = {isa = PBXBuildFile; fileRef = 3B213F591664A0EF00BF2114 /* 0701.png */; };
		3B213F5F1664A0EF00BF2114 /* 0702.png in Resources */ = {isa = PBXBuildFile; fileRef = 3B213F5A1664A0EF00BF2114 /* 0702.png */; };
		3B213F601664A0EF00BF2114 /* 0703.png in Resources */ = {isa = PBXBuildFile; fileRef = 3B213F5B1664A0EF00BF2114 /* 0703.png */; };
		3B213F611664A0EF00BF2114 /* 0704.png in Resources */ = {isa = PBXBuildFile; fileRef = 3B213F5C1664A0EF00BF2114 /* 0704.png */; };
		3B50B6AE16430F0E005BA6B8 /* MIRPhotosViewController.m in Sources */ = {isa = PBXBuildFile; fileRef = 3B50B6AD16430F0E005BA6B8 /* MIRPhotosViewController.m */; };
		3B50B6B1164391A5005BA6B8 /* MobileCoreServices.framework in Frameworks */ = {isa = PBXBuildFile; fileRef = 3B50B6B0164391A5005BA6B8 /* MobileCoreServices.framework */; };
		3B5CB41B164CB611005B19FC /* Images.m in Sources */ = {isa = PBXBuildFile; fileRef = 3B5CB41A164CB611005B19FC /* Images.m */; };
		3B5CB41E164F2B19005B19FC /* AddressBook.framework in Frameworks */ = {isa = PBXBuildFile; fileRef = 3B5CB41C164F2B19005B19FC /* AddressBook.framework */; };
		3B5CB41F164F2B19005B19FC /* AddressBookUI.framework in Frameworks */ = {isa = PBXBuildFile; fileRef = 3B5CB41D164F2B19005B19FC /* AddressBookUI.framework */; };
		3B5CB422164F32C2005B19FC /* MIRLossComposeMsgViewController.m in Sources */ = {isa = PBXBuildFile; fileRef = 3B5CB421164F32C2005B19FC /* MIRLossComposeMsgViewController.m */; };
		3B702FED162D187A00EE6C36 /* CoreData.framework in Frameworks */ = {isa = PBXBuildFile; fileRef = 3B702FEC162D187A00EE6C36 /* CoreData.framework */; };
		3B702FF1162D18BB00EE6C36 /* houseCat.xcdatamodeld in Sources */ = {isa = PBXBuildFile; fileRef = 3B702FEF162D18BB00EE6C36 /* houseCat.xcdatamodeld */; };
		3B702FFA162D192100EE6C36 /* Rooms.m in Sources */ = {isa = PBXBuildFile; fileRef = 3B702FF9162D192100EE6C36 /* Rooms.m */; };
		3B83C6171651D7CC006C7D50 /* MIRLossReportInfoRequestController.m in Sources */ = {isa = PBXBuildFile; fileRef = 3B83C6161651D7CC006C7D50 /* MIRLossReportInfoRequestController.m */; };
		3B83C61A16536E1F006C7D50 /* MIRGeneratePDF.m in Sources */ = {isa = PBXBuildFile; fileRef = 3B83C61916536E1F006C7D50 /* MIRGeneratePDF.m */; };
		3B8C000E16640F540074EB4B /* help.html in Resources */ = {isa = PBXBuildFile; fileRef = 3B8C000D16640F540074EB4B /* help.html */; };
		3B8C001016640FB40074EB4B /* info.html in Resources */ = {isa = PBXBuildFile; fileRef = 3B8C000F16640FB40074EB4B /* info.html */; };
		3B8C0018166413EF0074EB4B /* 0017.png in Resources */ = {isa = PBXBuildFile; fileRef = 3B8C0016166413EF0074EB4B /* 0017.png */; };
		3B8C0019166413EF0074EB4B /* 0017@2x.png in Resources */ = {isa = PBXBuildFile; fileRef = 3B8C0017166413EF0074EB4B /* 0017@2x.png */; };
		3B8C001F166414CC0074EB4B /* MIRInfoViewController.m in Sources */ = {isa = PBXBuildFile; fileRef = 3B8C001E166414CC0074EB4B /* MIRInfoViewController.m */; };
		3BADA7371648C3630094D4B7 /* MIRPhotoDetailViewController.m in Sources */ = {isa = PBXBuildFile; fileRef = 3BADA7361648C3630094D4B7 /* MIRPhotoDetailViewController.m */; };
		3BAF8B8D161E8D5900B23848 /* UIKit.framework in Frameworks */ = {isa = PBXBuildFile; fileRef = 3BAF8B8C161E8D5900B23848 /* UIKit.framework */; };
		3BAF8B8F161E8D5900B23848 /* Foundation.framework in Frameworks */ = {isa = PBXBuildFile; fileRef = 3BAF8B8E161E8D5900B23848 /* Foundation.framework */; };
		3BAF8B91161E8D5900B23848 /* CoreGraphics.framework in Frameworks */ = {isa = PBXBuildFile; fileRef = 3BAF8B90161E8D5900B23848 /* CoreGraphics.framework */; };
		3BAF8B97161E8D5900B23848 /* InfoPlist.strings in Resources */ = {isa = PBXBuildFile; fileRef = 3BAF8B95161E8D5900B23848 /* InfoPlist.strings */; };
		3BAF8B99161E8D5900B23848 /* main.m in Sources */ = {isa = PBXBuildFile; fileRef = 3BAF8B98161E8D5900B23848 /* main.m */; };
		3BAF8B9D161E8D5900B23848 /* MIRAppDelegate.m in Sources */ = {isa = PBXBuildFile; fileRef = 3BAF8B9C161E8D5900B23848 /* MIRAppDelegate.m */; };
		3BAF8B9F161E8D5900B23848 /* Default.png in Resources */ = {isa = PBXBuildFile; fileRef = 3BAF8B9E161E8D5900B23848 /* Default.png */; };
		3BAF8BA1161E8D5900B23848 /* Default@2x.png in Resources */ = {isa = PBXBuildFile; fileRef = 3BAF8BA0161E8D5900B23848 /* Default@2x.png */; };
		3BAF8BA3161E8D5900B23848 /* Default-568h@2x.png in Resources */ = {isa = PBXBuildFile; fileRef = 3BAF8BA2161E8D5900B23848 /* Default-568h@2x.png */; };
		3BAF8BA6161E8D5900B23848 /* MainStoryboard_iPhone.storyboard in Resources */ = {isa = PBXBuildFile; fileRef = 3BAF8BA4161E8D5900B23848 /* MainStoryboard_iPhone.storyboard */; };
		3BAF8BA9161E8D5900B23848 /* MainStoryboard_iPad.storyboard in Resources */ = {isa = PBXBuildFile; fileRef = 3BAF8BA7161E8D5900B23848 /* MainStoryboard_iPad.storyboard */; };
		3BAF8BB4161E8D5900B23848 /* SenTestingKit.framework in Frameworks */ = {isa = PBXBuildFile; fileRef = 3BAF8BB3161E8D5900B23848 /* SenTestingKit.framework */; };
		3BAF8BB5161E8D5900B23848 /* UIKit.framework in Frameworks */ = {isa = PBXBuildFile; fileRef = 3BAF8B8C161E8D5900B23848 /* UIKit.framework */; };
		3BAF8BB6161E8D5900B23848 /* Foundation.framework in Frameworks */ = {isa = PBXBuildFile; fileRef = 3BAF8B8E161E8D5900B23848 /* Foundation.framework */; };
		3BAF8BBE161E8D5900B23848 /* InfoPlist.strings in Resources */ = {isa = PBXBuildFile; fileRef = 3BAF8BBC161E8D5900B23848 /* InfoPlist.strings */; };
		3BAF8BC1161E8D5900B23848 /* houseCatTests.m in Sources */ = {isa = PBXBuildFile; fileRef = 3BAF8BC0161E8D5900B23848 /* houseCatTests.m */; };
		3BAF8BCC161E8D8800B23848 /* MIRRoomsViewController.m in Sources */ = {isa = PBXBuildFile; fileRef = 3BAF8BCB161E8D8800B23848 /* MIRRoomsViewController.m */; };
		3BAF8BCF161EA32800B23848 /* MIRItemsViewController.m in Sources */ = {isa = PBXBuildFile; fileRef = 3BAF8BCE161EA32800B23848 /* MIRItemsViewController.m */; };
		3BDDEBB11665EF69001783E6 /* MIRChangeRoomViewController.m in Sources */ = {isa = PBXBuildFile; fileRef = 3BDDEBB01665EF69001783E6 /* MIRChangeRoomViewController.m */; };
		3BDEDE9D1630496400C8DECB /* MIRAddRoomViewController.m in Sources */ = {isa = PBXBuildFile; fileRef = 3BDEDE9C1630496400C8DECB /* MIRAddRoomViewController.m */; };
		3BE3855316379F6F0023747A /* MIRItemsDetailViewController.m in Sources */ = {isa = PBXBuildFile; fileRef = 3BE3855216379F6F0023747A /* MIRItemsDetailViewController.m */; };
		3BF0BA70164B5AE800269D1A /* MIRLossReportListViewController.m in Sources */ = {isa = PBXBuildFile; fileRef = 3BF0BA6F164B5AE800269D1A /* MIRLossReportListViewController.m */; };
/* End PBXBuildFile section */

/* Begin PBXContainerItemProxy section */
		3BAF8BB7161E8D5900B23848 /* PBXContainerItemProxy */ = {
			isa = PBXContainerItemProxy;
			containerPortal = 3BAF8B7F161E8D5900B23848 /* Project object */;
			proxyType = 1;
			remoteGlobalIDString = 3BAF8B87161E8D5900B23848;
			remoteInfo = houseCat;
		};
/* End PBXContainerItemProxy section */

/* Begin PBXFileReference section */
		3B082452165575BD000221B6 /* houseCat_002.xcdatamodel */ = {isa = PBXFileReference; lastKnownFileType = wrapper.xcdatamodel; path = houseCat_002.xcdatamodel; sourceTree = "<group>"; };
		3B08245516557E11000221B6 /* Items.h */ = {isa = PBXFileReference; fileEncoding = 4; lastKnownFileType = sourcecode.c.h; path = Items.h; sourceTree = "<group>"; };
		3B08245616557E11000221B6 /* Items.m */ = {isa = PBXFileReference; fileEncoding = 4; lastKnownFileType = sourcecode.c.objc; path = Items.m; sourceTree = "<group>"; };
		3B08245816557F36000221B6 /* houseCat_003.xcdatamodel */ = {isa = PBXFileReference; lastKnownFileType = wrapper.xcdatamodel; path = houseCat_003.xcdatamodel; sourceTree = "<group>"; };
		3B08245916581C01000221B6 /* MessageUI.framework */ = {isa = PBXFileReference; lastKnownFileType = wrapper.framework; name = MessageUI.framework; path = System/Library/Frameworks/MessageUI.framework; sourceTree = SDKROOT; };
		3B08245B1658937C000221B6 /* QuickLook.framework */ = {isa = PBXFileReference; lastKnownFileType = wrapper.framework; name = QuickLook.framework; path = System/Library/Frameworks/QuickLook.framework; sourceTree = SDKROOT; };
		3B1BFD0C16480D3B00CEE99A /* MIRCell.h */ = {isa = PBXFileReference; fileEncoding = 4; lastKnownFileType = sourcecode.c.h; path = MIRCell.h; sourceTree = "<group>"; };
		3B1BFD0D16480D3B00CEE99A /* MIRCell.m */ = {isa = PBXFileReference; fileEncoding = 4; lastKnownFileType = sourcecode.c.objc; path = MIRCell.m; sourceTree = "<group>"; };
		3B213F4C16648A6900BF2114 /* 0100.png */ = {isa = PBXFileReference; lastKnownFileType = image.png; path = 0100.png; sourceTree = "<group>"; };
		3B213F4E16648DEF00BF2114 /* 0101.png */ = {isa = PBXFileReference; lastKnownFileType = image.png; path = 0101.png; sourceTree = "<group>"; };
		3B213F4F16648DEF00BF2114 /* 0102.png */ = {isa = PBXFileReference; lastKnownFileType = image.png; path = 0102.png; sourceTree = "<group>"; };
		3B213F5216648F7D00BF2114 /* 0200.png */ = {isa = PBXFileReference; lastKnownFileType = image.png; path = 0200.png; sourceTree = "<group>"; };
		3B213F541664904B00BF2114 /* 0300.png */ = {isa = PBXFileReference; lastKnownFileType = image.png; path = 0300.png; sourceTree = "<group>"; };
		3B213F561664957A00BF2114 /* 0500.png */ = {isa = PBXFileReference; lastKnownFileType = image.png; path = 0500.png; sourceTree = "<group>"; };
		3B213F581664A0EF00BF2114 /* 0700.png */ = {isa = PBXFileReference; lastKnownFileType = image.png; path = 0700.png; sourceTree = "<group>"; };
		3B213F591664A0EF00BF2114 /* 0701.png */ = {isa = PBXFileReference; lastKnownFileType = image.png; path = 0701.png; sourceTree = "<group>"; };
		3B213F5A1664A0EF00BF2114 /* 0702.png */ = {isa = PBXFileReference; lastKnownFileType = image.png; path = 0702.png; sourceTree = "<group>"; };
		3B213F5B1664A0EF00BF2114 /* 0703.png */ = {isa = PBXFileReference; lastKnownFileType = image.png; path = 0703.png; sourceTree = "<group>"; };
		3B213F5C1664A0EF00BF2114 /* 0704.png */ = {isa = PBXFileReference; lastKnownFileType = image.png; path = 0704.png; sourceTree = "<group>"; };
		3B50B6AC16430F0E005BA6B8 /* MIRPhotosViewController.h */ = {isa = PBXFileReference; fileEncoding = 4; lastKnownFileType = sourcecode.c.h; path = MIRPhotosViewController.h; sourceTree = "<group>"; };
		3B50B6AD16430F0E005BA6B8 /* MIRPhotosViewController.m */ = {isa = PBXFileReference; fileEncoding = 4; lastKnownFileType = sourcecode.c.objc; path = MIRPhotosViewController.m; sourceTree = "<group>"; };
		3B50B6B0164391A5005BA6B8 /* MobileCoreServices.framework */ = {isa = PBXFileReference; lastKnownFileType = wrapper.framework; name = MobileCoreServices.framework; path = System/Library/Frameworks/MobileCoreServices.framework; sourceTree = SDKROOT; };
		3B5CB419164CB611005B19FC /* Images.h */ = {isa = PBXFileReference; fileEncoding = 4; lastKnownFileType = sourcecode.c.h; path = Images.h; sourceTree = "<group>"; };
		3B5CB41A164CB611005B19FC /* Images.m */ = {isa = PBXFileReference; fileEncoding = 4; lastKnownFileType = sourcecode.c.objc; path = Images.m; sourceTree = "<group>"; };
		3B5CB41C164F2B19005B19FC /* AddressBook.framework */ = {isa = PBXFileReference; lastKnownFileType = wrapper.framework; name = AddressBook.framework; path = System/Library/Frameworks/AddressBook.framework; sourceTree = SDKROOT; };
		3B5CB41D164F2B19005B19FC /* AddressBookUI.framework */ = {isa = PBXFileReference; lastKnownFileType = wrapper.framework; name = AddressBookUI.framework; path = System/Library/Frameworks/AddressBookUI.framework; sourceTree = SDKROOT; };
		3B5CB420164F32C2005B19FC /* MIRLossComposeMsgViewController.h */ = {isa = PBXFileReference; fileEncoding = 4; lastKnownFileType = sourcecode.c.h; path = MIRLossComposeMsgViewController.h; sourceTree = "<group>"; };
		3B5CB421164F32C2005B19FC /* MIRLossComposeMsgViewController.m */ = {isa = PBXFileReference; fileEncoding = 4; lastKnownFileType = sourcecode.c.objc; path = MIRLossComposeMsgViewController.m; sourceTree = "<group>"; };
		3B702FEC162D187A00EE6C36 /* CoreData.framework */ = {isa = PBXFileReference; lastKnownFileType = wrapper.framework; name = CoreData.framework; path = System/Library/Frameworks/CoreData.framework; sourceTree = SDKROOT; };
		3B702FF0162D18BB00EE6C36 /* houseCat.xcdatamodel */ = {isa = PBXFileReference; lastKnownFileType = wrapper.xcdatamodel; path = houseCat.xcdatamodel; sourceTree = "<group>"; };
		3B702FF8162D192100EE6C36 /* Rooms.h */ = {isa = PBXFileReference; fileEncoding = 4; lastKnownFileType = sourcecode.c.h; path = Rooms.h; sourceTree = "<group>"; };
		3B702FF9162D192100EE6C36 /* Rooms.m */ = {isa = PBXFileReference; fileEncoding = 4; lastKnownFileType = sourcecode.c.objc; path = Rooms.m; sourceTree = "<group>"; };
		3B83C6151651D7CC006C7D50 /* MIRLossReportInfoRequestController.h */ = {isa = PBXFileReference; fileEncoding = 4; lastKnownFileType = sourcecode.c.h; path = MIRLossReportInfoRequestController.h; sourceTree = "<group>"; };
		3B83C6161651D7CC006C7D50 /* MIRLossReportInfoRequestController.m */ = {isa = PBXFileReference; fileEncoding = 4; lastKnownFileType = sourcecode.c.objc; path = MIRLossReportInfoRequestController.m; sourceTree = "<group>"; };
		3B83C61816536E1E006C7D50 /* MIRGeneratePDF.h */ = {isa = PBXFileReference; fileEncoding = 4; lastKnownFileType = sourcecode.c.h; path = MIRGeneratePDF.h; sourceTree = "<group>"; };
		3B83C61916536E1F006C7D50 /* MIRGeneratePDF.m */ = {isa = PBXFileReference; fileEncoding = 4; lastKnownFileType = sourcecode.c.objc; path = MIRGeneratePDF.m; sourceTree = "<group>"; };
		3B8C000D16640F540074EB4B /* help.html */ = {isa = PBXFileReference; fileEncoding = 4; lastKnownFileType = text.html; path = help.html; sourceTree = "<group>"; };
		3B8C000F16640FB40074EB4B /* info.html */ = {isa = PBXFileReference; fileEncoding = 4; lastKnownFileType = text.html; path = info.html; sourceTree = "<group>"; };
		3B8C0016166413EF0074EB4B /* 0017.png */ = {isa = PBXFileReference; lastKnownFileType = image.png; path = 0017.png; sourceTree = "<group>"; };
		3B8C0017166413EF0074EB4B /* 0017@2x.png */ = {isa = PBXFileReference; lastKnownFileType = image.png; path = "0017@2x.png"; sourceTree = "<group>"; };
		3B8C001D166414CC0074EB4B /* MIRInfoViewController.h */ = {isa = PBXFileReference; fileEncoding = 4; lastKnownFileType = sourcecode.c.h; name = MIRInfoViewController.h; path = ../houseCat/MIRInfoViewController.h; sourceTree = "<group>"; };
		3B8C001E166414CC0074EB4B /* MIRInfoViewController.m */ = {isa = PBXFileReference; fileEncoding = 4; lastKnownFileType = sourcecode.c.objc; name = MIRInfoViewController.m; path = ../houseCat/MIRInfoViewController.m; sourceTree = "<group>"; };
		3BADA7351648C3630094D4B7 /* MIRPhotoDetailViewController.h */ = {isa = PBXFileReference; fileEncoding = 4; lastKnownFileType = sourcecode.c.h; path = MIRPhotoDetailViewController.h; sourceTree = "<group>"; };
		3BADA7361648C3630094D4B7 /* MIRPhotoDetailViewController.m */ = {isa = PBXFileReference; fileEncoding = 4; lastKnownFileType = sourcecode.c.objc; path = MIRPhotoDetailViewController.m; sourceTree = "<group>"; };
		3BAF8B88161E8D5900B23848 /* houseCat.app */ = {isa = PBXFileReference; explicitFileType = wrapper.application; includeInIndex = 0; path = houseCat.app; sourceTree = BUILT_PRODUCTS_DIR; };
		3BAF8B8C161E8D5900B23848 /* UIKit.framework */ = {isa = PBXFileReference; lastKnownFileType = wrapper.framework; name = UIKit.framework; path = System/Library/Frameworks/UIKit.framework; sourceTree = SDKROOT; };
		3BAF8B8E161E8D5900B23848 /* Foundation.framework */ = {isa = PBXFileReference; lastKnownFileType = wrapper.framework; name = Foundation.framework; path = System/Library/Frameworks/Foundation.framework; sourceTree = SDKROOT; };
		3BAF8B90161E8D5900B23848 /* CoreGraphics.framework */ = {isa = PBXFileReference; lastKnownFileType = wrapper.framework; name = CoreGraphics.framework; path = System/Library/Frameworks/CoreGraphics.framework; sourceTree = SDKROOT; };
		3BAF8B94161E8D5900B23848 /* houseCat-Info.plist */ = {isa = PBXFileReference; lastKnownFileType = text.plist.xml; path = "houseCat-Info.plist"; sourceTree = "<group>"; };
		3BAF8B96161E8D5900B23848 /* en */ = {isa = PBXFileReference; lastKnownFileType = text.plist.strings; name = en; path = en.lproj/InfoPlist.strings; sourceTree = "<group>"; };
		3BAF8B98161E8D5900B23848 /* main.m */ = {isa = PBXFileReference; lastKnownFileType = sourcecode.c.objc; path = main.m; sourceTree = "<group>"; };
		3BAF8B9A161E8D5900B23848 /* houseCat-Prefix.pch */ = {isa = PBXFileReference; lastKnownFileType = sourcecode.c.h; path = "houseCat-Prefix.pch"; sourceTree = "<group>"; };
		3BAF8B9B161E8D5900B23848 /* MIRAppDelegate.h */ = {isa = PBXFileReference; lastKnownFileType = sourcecode.c.h; path = MIRAppDelegate.h; sourceTree = "<group>"; };
		3BAF8B9C161E8D5900B23848 /* MIRAppDelegate.m */ = {isa = PBXFileReference; lastKnownFileType = sourcecode.c.objc; path = MIRAppDelegate.m; sourceTree = "<group>"; };
		3BAF8B9E161E8D5900B23848 /* Default.png */ = {isa = PBXFileReference; lastKnownFileType = image.png; path = Default.png; sourceTree = "<group>"; };
		3BAF8BA0161E8D5900B23848 /* Default@2x.png */ = {isa = PBXFileReference; lastKnownFileType = image.png; path = "Default@2x.png"; sourceTree = "<group>"; };
		3BAF8BA2161E8D5900B23848 /* Default-568h@2x.png */ = {isa = PBXFileReference; lastKnownFileType = image.png; path = "Default-568h@2x.png"; sourceTree = "<group>"; };
		3BAF8BA5161E8D5900B23848 /* en */ = {isa = PBXFileReference; lastKnownFileType = file.storyboard; name = en; path = en.lproj/MainStoryboard_iPhone.storyboard; sourceTree = "<group>"; };
		3BAF8BA8161E8D5900B23848 /* en */ = {isa = PBXFileReference; lastKnownFileType = file.storyboard; name = en; path = en.lproj/MainStoryboard_iPad.storyboard; sourceTree = "<group>"; };
		3BAF8BB2161E8D5900B23848 /* houseCatTests.octest */ = {isa = PBXFileReference; explicitFileType = wrapper.cfbundle; includeInIndex = 0; path = houseCatTests.octest; sourceTree = BUILT_PRODUCTS_DIR; };
		3BAF8BB3161E8D5900B23848 /* SenTestingKit.framework */ = {isa = PBXFileReference; lastKnownFileType = wrapper.framework; name = SenTestingKit.framework; path = Library/Frameworks/SenTestingKit.framework; sourceTree = DEVELOPER_DIR; };
		3BAF8BBB161E8D5900B23848 /* houseCatTests-Info.plist */ = {isa = PBXFileReference; lastKnownFileType = text.plist.xml; path = "houseCatTests-Info.plist"; sourceTree = "<group>"; };
		3BAF8BBD161E8D5900B23848 /* en */ = {isa = PBXFileReference; lastKnownFileType = text.plist.strings; name = en; path = en.lproj/InfoPlist.strings; sourceTree = "<group>"; };
		3BAF8BBF161E8D5900B23848 /* houseCatTests.h */ = {isa = PBXFileReference; lastKnownFileType = sourcecode.c.h; path = houseCatTests.h; sourceTree = "<group>"; };
		3BAF8BC0161E8D5900B23848 /* houseCatTests.m */ = {isa = PBXFileReference; lastKnownFileType = sourcecode.c.objc; path = houseCatTests.m; sourceTree = "<group>"; };
		3BAF8BCA161E8D8800B23848 /* MIRRoomsViewController.h */ = {isa = PBXFileReference; fileEncoding = 4; lastKnownFileType = sourcecode.c.h; path = MIRRoomsViewController.h; sourceTree = "<group>"; };
		3BAF8BCB161E8D8800B23848 /* MIRRoomsViewController.m */ = {isa = PBXFileReference; fileEncoding = 4; lastKnownFileType = sourcecode.c.objc; path = MIRRoomsViewController.m; sourceTree = "<group>"; };
		3BAF8BCD161EA32800B23848 /* MIRItemsViewController.h */ = {isa = PBXFileReference; fileEncoding = 4; lastKnownFileType = sourcecode.c.h; path = MIRItemsViewController.h; sourceTree = "<group>"; };
		3BAF8BCE161EA32800B23848 /* MIRItemsViewController.m */ = {isa = PBXFileReference; fileEncoding = 4; lastKnownFileType = sourcecode.c.objc; path = MIRItemsViewController.m; sourceTree = "<group>"; };
		3BDDEBAF1665EF69001783E6 /* MIRChangeRoomViewController.h */ = {isa = PBXFileReference; fileEncoding = 4; lastKnownFileType = sourcecode.c.h; path = MIRChangeRoomViewController.h; sourceTree = "<group>"; };
		3BDDEBB01665EF69001783E6 /* MIRChangeRoomViewController.m */ = {isa = PBXFileReference; fileEncoding = 4; lastKnownFileType = sourcecode.c.objc; path = MIRChangeRoomViewController.m; sourceTree = "<group>"; };
		3BDEDE9B1630496400C8DECB /* MIRAddRoomViewController.h */ = {isa = PBXFileReference; fileEncoding = 4; lastKnownFileType = sourcecode.c.h; path = MIRAddRoomViewController.h; sourceTree = "<group>"; };
		3BDEDE9C1630496400C8DECB /* MIRAddRoomViewController.m */ = {isa = PBXFileReference; fileEncoding = 4; lastKnownFileType = sourcecode.c.objc; path = MIRAddRoomViewController.m; sourceTree = "<group>"; };
		3BE3855116379F6F0023747A /* MIRItemsDetailViewController.h */ = {isa = PBXFileReference; fileEncoding = 4; lastKnownFileType = sourcecode.c.h; path = MIRItemsDetailViewController.h; sourceTree = "<group>"; };
		3BE3855216379F6F0023747A /* MIRItemsDetailViewController.m */ = {isa = PBXFileReference; fileEncoding = 4; lastKnownFileType = sourcecode.c.objc; path = MIRItemsDetailViewController.m; sourceTree = "<group>"; };
		3BF0BA6E164B5AE800269D1A /* MIRLossReportListViewController.h */ = {isa = PBXFileReference; fileEncoding = 4; lastKnownFileType = sourcecode.c.h; path = MIRLossReportListViewController.h; sourceTree = "<group>"; };
		3BF0BA6F164B5AE800269D1A /* MIRLossReportListViewController.m */ = {isa = PBXFileReference; fileEncoding = 4; lastKnownFileType = sourcecode.c.objc; path = MIRLossReportListViewController.m; sourceTree = "<group>"; };
/* End PBXFileReference section */

/* Begin PBXFrameworksBuildPhase section */
		3BAF8B85161E8D5900B23848 /* Frameworks */ = {
			isa = PBXFrameworksBuildPhase;
			buildActionMask = 2147483647;
			files = (
				3B08245C1658937C000221B6 /* QuickLook.framework in Frameworks */,
				3B08245A16581C02000221B6 /* MessageUI.framework in Frameworks */,
				3B5CB41E164F2B19005B19FC /* AddressBook.framework in Frameworks */,
				3B5CB41F164F2B19005B19FC /* AddressBookUI.framework in Frameworks */,
				3B50B6B1164391A5005BA6B8 /* MobileCoreServices.framework in Frameworks */,
				3B702FED162D187A00EE6C36 /* CoreData.framework in Frameworks */,
				3BAF8B8D161E8D5900B23848 /* UIKit.framework in Frameworks */,
				3BAF8B8F161E8D5900B23848 /* Foundation.framework in Frameworks */,
				3BAF8B91161E8D5900B23848 /* CoreGraphics.framework in Frameworks */,
			);
			runOnlyForDeploymentPostprocessing = 0;
		};
		3BAF8BAE161E8D5900B23848 /* Frameworks */ = {
			isa = PBXFrameworksBuildPhase;
			buildActionMask = 2147483647;
			files = (
				3BAF8BB4161E8D5900B23848 /* SenTestingKit.framework in Frameworks */,
				3BAF8BB5161E8D5900B23848 /* UIKit.framework in Frameworks */,
				3BAF8BB6161E8D5900B23848 /* Foundation.framework in Frameworks */,
			);
			runOnlyForDeploymentPostprocessing = 0;
		};
/* End PBXFrameworksBuildPhase section */

/* Begin PBXGroup section */
		3B0824531655789A000221B6 /* view controllers */ = {
			isa = PBXGroup;
			children = (
				3BAF8BCA161E8D8800B23848 /* MIRRoomsViewController.h */,
				3BAF8BCB161E8D8800B23848 /* MIRRoomsViewController.m */,
				3BDEDE9B1630496400C8DECB /* MIRAddRoomViewController.h */,
				3BDEDE9C1630496400C8DECB /* MIRAddRoomViewController.m */,
				3BDDEBAF1665EF69001783E6 /* MIRChangeRoomViewController.h */,
				3BDDEBB01665EF69001783E6 /* MIRChangeRoomViewController.m */,
				3BAF8BCD161EA32800B23848 /* MIRItemsViewController.h */,
				3BAF8BCE161EA32800B23848 /* MIRItemsViewController.m */,
				3BE3855116379F6F0023747A /* MIRItemsDetailViewController.h */,
				3BE3855216379F6F0023747A /* MIRItemsDetailViewController.m */,
				3B50B6AC16430F0E005BA6B8 /* MIRPhotosViewController.h */,
				3B50B6AD16430F0E005BA6B8 /* MIRPhotosViewController.m */,
				3BADA7351648C3630094D4B7 /* MIRPhotoDetailViewController.h */,
				3BADA7361648C3630094D4B7 /* MIRPhotoDetailViewController.m */,
				3B1BFD0C16480D3B00CEE99A /* MIRCell.h */,
				3B1BFD0D16480D3B00CEE99A /* MIRCell.m */,
			);
			name = "view controllers";
			sourceTree = "<group>";
		};
		3B082454165578DC000221B6 /* loss reporting */ = {
			isa = PBXGroup;
			children = (
				3BF0BA6E164B5AE800269D1A /* MIRLossReportListViewController.h */,
				3BF0BA6F164B5AE800269D1A /* MIRLossReportListViewController.m */,
				3B83C6151651D7CC006C7D50 /* MIRLossReportInfoRequestController.h */,
				3B83C6161651D7CC006C7D50 /* MIRLossReportInfoRequestController.m */,
				3B5CB420164F32C2005B19FC /* MIRLossComposeMsgViewController.h */,
				3B5CB421164F32C2005B19FC /* MIRLossComposeMsgViewController.m */,
				3B83C61816536E1E006C7D50 /* MIRGeneratePDF.h */,
				3B83C61916536E1F006C7D50 /* MIRGeneratePDF.m */,
			);
			name = "loss reporting";
			sourceTree = "<group>";
		};
		3B213F4B16648A0E00BF2114 /* images */ = {
			isa = PBXGroup;
			children = (
				3B213F581664A0EF00BF2114 /* 0700.png */,
				3B213F591664A0EF00BF2114 /* 0701.png */,
				3B213F5A1664A0EF00BF2114 /* 0702.png */,
				3B213F5B1664A0EF00BF2114 /* 0703.png */,
				3B213F5C1664A0EF00BF2114 /* 0704.png */,
				3B213F561664957A00BF2114 /* 0500.png */,
				3B213F541664904B00BF2114 /* 0300.png */,
				3B213F5216648F7D00BF2114 /* 0200.png */,
				3B213F4E16648DEF00BF2114 /* 0101.png */,
				3B213F4F16648DEF00BF2114 /* 0102.png */,
				3B213F4C16648A6900BF2114 /* 0100.png */,
			);
			name = images;
			sourceTree = "<group>";
		};
		3B702FF2162D18C400EE6C36 /* CoreData */ = {
			isa = PBXGroup;
			children = (
				3B702FEF162D18BB00EE6C36 /* houseCat.xcdatamodeld */,
				3B702FF8162D192100EE6C36 /* Rooms.h */,
				3B702FF9162D192100EE6C36 /* Rooms.m */,
				3B08245516557E11000221B6 /* Items.h */,
				3B08245616557E11000221B6 /* Items.m */,
				3B5CB419164CB611005B19FC /* Images.h */,
				3B5CB41A164CB611005B19FC /* Images.m */,
			);
			name = CoreData;
			sourceTree = "<group>";
		};
		3B8C000C16640F540074EB4B /* info */ = {
			isa = PBXGroup;
			children = (
				3B8C001D166414CC0074EB4B /* MIRInfoViewController.h */,
				3B8C001E166414CC0074EB4B /* MIRInfoViewController.m */,
				3B8C000F16640FB40074EB4B /* info.html */,
				3B8C000D16640F540074EB4B /* help.html */,
				3B213F4B16648A0E00BF2114 /* images */,
			);
			path = info;
			sourceTree = "<group>";
		};
		3B8C0015166413EF0074EB4B /* icons */ = {
			isa = PBXGroup;
			children = (
				3B8C0016166413EF0074EB4B /* 0017.png */,
				3B8C0017166413EF0074EB4B /* 0017@2x.png */,
			);
			path = icons;
			sourceTree = "<group>";
		};
		3BAF8B7D161E8D5900B23848 = {
			isa = PBXGroup;
			children = (
				3B8C0015166413EF0074EB4B /* icons */,
				3B8C000C16640F540074EB4B /* info */,
				3BAF8B92161E8D5900B23848 /* houseCat */,
				3BAF8BB9161E8D5900B23848 /* houseCatTests */,
				3BAF8B8B161E8D5900B23848 /* Frameworks */,
				3BAF8B89161E8D5900B23848 /* Products */,
			);
			sourceTree = "<group>";
		};
		3BAF8B89161E8D5900B23848 /* Products */ = {
			isa = PBXGroup;
			children = (
				3BAF8B88161E8D5900B23848 /* houseCat.app */,
				3BAF8BB2161E8D5900B23848 /* houseCatTests.octest */,
			);
			name = Products;
			sourceTree = "<group>";
		};
		3BAF8B8B161E8D5900B23848 /* Frameworks */ = {
			isa = PBXGroup;
			children = (
				3B08245B1658937C000221B6 /* QuickLook.framework */,
				3B08245916581C01000221B6 /* MessageUI.framework */,
				3B5CB41C164F2B19005B19FC /* AddressBook.framework */,
				3B5CB41D164F2B19005B19FC /* AddressBookUI.framework */,
				3B50B6B0164391A5005BA6B8 /* MobileCoreServices.framework */,
				3B702FEC162D187A00EE6C36 /* CoreData.framework */,
				3BAF8B8C161E8D5900B23848 /* UIKit.framework */,
				3BAF8B8E161E8D5900B23848 /* Foundation.framework */,
				3BAF8B90161E8D5900B23848 /* CoreGraphics.framework */,
				3BAF8BB3161E8D5900B23848 /* SenTestingKit.framework */,
			);
			name = Frameworks;
			sourceTree = "<group>";
		};
		3BAF8B92161E8D5900B23848 /* houseCat */ = {
			isa = PBXGroup;
			children = (
				3BAF8B9B161E8D5900B23848 /* MIRAppDelegate.h */,
				3BAF8B9C161E8D5900B23848 /* MIRAppDelegate.m */,
				3BE3854F16379EE90023747A /* Storyboards */,
				3B0824531655789A000221B6 /* view controllers */,
				3B082454165578DC000221B6 /* loss reporting */,
				3B702FF2162D18C400EE6C36 /* CoreData */,
				3BAF8B93161E8D5900B23848 /* Supporting Files */,
			);
			path = houseCat;
			sourceTree = "<group>";
		};
		3BAF8B93161E8D5900B23848 /* Supporting Files */ = {
			isa = PBXGroup;
			children = (
				3BAF8B94161E8D5900B23848 /* houseCat-Info.plist */,
				3BAF8B95161E8D5900B23848 /* InfoPlist.strings */,
				3BAF8B98161E8D5900B23848 /* main.m */,
				3BAF8B9A161E8D5900B23848 /* houseCat-Prefix.pch */,
				3BAF8B9E161E8D5900B23848 /* Default.png */,
				3BAF8BA0161E8D5900B23848 /* Default@2x.png */,
				3BAF8BA2161E8D5900B23848 /* Default-568h@2x.png */,
			);
			name = "Supporting Files";
			sourceTree = "<group>";
		};
		3BAF8BB9161E8D5900B23848 /* houseCatTests */ = {
			isa = PBXGroup;
			children = (
				3BAF8BBF161E8D5900B23848 /* houseCatTests.h */,
				3BAF8BC0161E8D5900B23848 /* houseCatTests.m */,
				3BAF8BBA161E8D5900B23848 /* Supporting Files */,
			);
			path = houseCatTests;
			sourceTree = "<group>";
		};
		3BAF8BBA161E8D5900B23848 /* Supporting Files */ = {
			isa = PBXGroup;
			children = (
				3BAF8BBB161E8D5900B23848 /* houseCatTests-Info.plist */,
				3BAF8BBC161E8D5900B23848 /* InfoPlist.strings */,
			);
			name = "Supporting Files";
			sourceTree = "<group>";
		};
		3BE3854F16379EE90023747A /* Storyboards */ = {
			isa = PBXGroup;
			children = (
				3BAF8BA4161E8D5900B23848 /* MainStoryboard_iPhone.storyboard */,
				3BAF8BA7161E8D5900B23848 /* MainStoryboard_iPad.storyboard */,
			);
			name = Storyboards;
			sourceTree = "<group>";
		};
/* End PBXGroup section */

/* Begin PBXNativeTarget section */
		3BAF8B87161E8D5900B23848 /* houseCat */ = {
			isa = PBXNativeTarget;
			buildConfigurationList = 3BAF8BC4161E8D5900B23848 /* Build configuration list for PBXNativeTarget "houseCat" */;
			buildPhases = (
				3BAF8B84161E8D5900B23848 /* Sources */,
				3BAF8B85161E8D5900B23848 /* Frameworks */,
				3BAF8B86161E8D5900B23848 /* Resources */,
				3B703003162D1D1100EE6C36 /* ShellScript */,
			);
			buildRules = (
			);
			dependencies = (
			);
			name = houseCat;
			productName = houseCat;
			productReference = 3BAF8B88161E8D5900B23848 /* houseCat.app */;
			productType = "com.apple.product-type.application";
		};
		3BAF8BB1161E8D5900B23848 /* houseCatTests */ = {
			isa = PBXNativeTarget;
			buildConfigurationList = 3BAF8BC7161E8D5900B23848 /* Build configuration list for PBXNativeTarget "houseCatTests" */;
			buildPhases = (
				3BAF8BAD161E8D5900B23848 /* Sources */,
				3BAF8BAE161E8D5900B23848 /* Frameworks */,
				3BAF8BAF161E8D5900B23848 /* Resources */,
				3BAF8BB0161E8D5900B23848 /* ShellScript */,
			);
			buildRules = (
			);
			dependencies = (
				3BAF8BB8161E8D5900B23848 /* PBXTargetDependency */,
			);
			name = houseCatTests;
			productName = houseCatTests;
			productReference = 3BAF8BB2161E8D5900B23848 /* houseCatTests.octest */;
			productType = "com.apple.product-type.bundle";
		};
/* End PBXNativeTarget section */

/* Begin PBXProject section */
		3BAF8B7F161E8D5900B23848 /* Project object */ = {
			isa = PBXProject;
			attributes = {
				CLASSPREFIX = MIR;
				LastUpgradeCheck = 0450;
				ORGANIZATIONNAME = kl;
			};
			buildConfigurationList = 3BAF8B82161E8D5900B23848 /* Build configuration list for PBXProject "houseCat" */;
			compatibilityVersion = "Xcode 3.2";
			developmentRegion = English;
			hasScannedForEncodings = 0;
			knownRegions = (
				en,
			);
			mainGroup = 3BAF8B7D161E8D5900B23848;
			productRefGroup = 3BAF8B89161E8D5900B23848 /* Products */;
			projectDirPath = "";
			projectRoot = "";
			targets = (
				3BAF8B87161E8D5900B23848 /* houseCat */,
				3BAF8BB1161E8D5900B23848 /* houseCatTests */,
			);
		};
/* End PBXProject section */

/* Begin PBXResourcesBuildPhase section */
		3BAF8B86161E8D5900B23848 /* Resources */ = {
			isa = PBXResourcesBuildPhase;
			buildActionMask = 2147483647;
			files = (
				3BAF8B97161E8D5900B23848 /* InfoPlist.strings in Resources */,
				3BAF8B9F161E8D5900B23848 /* Default.png in Resources */,
				3BAF8BA1161E8D5900B23848 /* Default@2x.png in Resources */,
				3BAF8BA3161E8D5900B23848 /* Default-568h@2x.png in Resources */,
				3BAF8BA6161E8D5900B23848 /* MainStoryboard_iPhone.storyboard in Resources */,
				3BAF8BA9161E8D5900B23848 /* MainStoryboard_iPad.storyboard in Resources */,
				3B8C000E16640F540074EB4B /* help.html in Resources */,
				3B8C001016640FB40074EB4B /* info.html in Resources */,
				3B8C0018166413EF0074EB4B /* 0017.png in Resources */,
				3B8C0019166413EF0074EB4B /* 0017@2x.png in Resources */,
				3B213F4D16648A6900BF2114 /* 0100.png in Resources */,
				3B213F5016648DEF00BF2114 /* 0101.png in Resources */,
				3B213F5116648DEF00BF2114 /* 0102.png in Resources */,
				3B213F5316648F7D00BF2114 /* 0200.png in Resources */,
				3B213F551664904B00BF2114 /* 0300.png in Resources */,
				3B213F571664957A00BF2114 /* 0500.png in Resources */,
				3B213F5D1664A0EF00BF2114 /* 0700.png in Resources */,
				3B213F5E1664A0EF00BF2114 /* 0701.png in Resources */,
				3B213F5F1664A0EF00BF2114 /* 0702.png in Resources */,
				3B213F601664A0EF00BF2114 /* 0703.png in Resources */,
				3B213F611664A0EF00BF2114 /* 0704.png in Resources */,
			);
			runOnlyForDeploymentPostprocessing = 0;
		};
		3BAF8BAF161E8D5900B23848 /* Resources */ = {
			isa = PBXResourcesBuildPhase;
			buildActionMask = 2147483647;
			files = (
				3BAF8BBE161E8D5900B23848 /* InfoPlist.strings in Resources */,
			);
			runOnlyForDeploymentPostprocessing = 0;
		};
/* End PBXResourcesBuildPhase section */

/* Begin PBXShellScriptBuildPhase section */
		3B703003162D1D1100EE6C36 /* ShellScript */ = {
			isa = PBXShellScriptBuildPhase;
			buildActionMask = 2147483647;
			files = (
			);
			inputPaths = (
			);
			outputPaths = (
			);
			runOnlyForDeploymentPostprocessing = 0;
			shellPath = /bin/sh;
			shellScript = "KEYWORDS=\"TODO:|FIXME:|\\?\\?\\?:|\\!\\!\\!:\"\nfind \"${SRCROOT}\" \\( -name \"*.h\" -or -name \"*.m\" \\) -print0 | xargs -0 egrep --with-filename --line-number --only-matching \"($KEYWORDS).*\\$\" | perl -p -e \"s/($KEYWORDS)/ warning: \\$1/\"";
		};
		3BAF8BB0161E8D5900B23848 /* ShellScript */ = {
			isa = PBXShellScriptBuildPhase;
			buildActionMask = 2147483647;
			files = (
			);
			inputPaths = (
			);
			outputPaths = (
			);
			runOnlyForDeploymentPostprocessing = 0;
			shellPath = /bin/sh;
			shellScript = "# Run the unit tests in this test bundle.\n\"${SYSTEM_DEVELOPER_DIR}/Tools/RunUnitTests\"\n";
		};
/* End PBXShellScriptBuildPhase section */

/* Begin PBXSourcesBuildPhase section */
		3BAF8B84161E8D5900B23848 /* Sources */ = {
			isa = PBXSourcesBuildPhase;
			buildActionMask = 2147483647;
			files = (
				3BAF8B99161E8D5900B23848 /* main.m in Sources */,
				3BAF8B9D161E8D5900B23848 /* MIRAppDelegate.m in Sources */,
				3BAF8BCC161E8D8800B23848 /* MIRRoomsViewController.m in Sources */,
				3BAF8BCF161EA32800B23848 /* MIRItemsViewController.m in Sources */,
				3B702FF1162D18BB00EE6C36 /* houseCat.xcdatamodeld in Sources */,
				3B702FFA162D192100EE6C36 /* Rooms.m in Sources */,
				3BDEDE9D1630496400C8DECB /* MIRAddRoomViewController.m in Sources */,
				3BE3855316379F6F0023747A /* MIRItemsDetailViewController.m in Sources */,
				3B50B6AE16430F0E005BA6B8 /* MIRPhotosViewController.m in Sources */,
				3B1BFD0E16480D3B00CEE99A /* MIRCell.m in Sources */,
				3BADA7371648C3630094D4B7 /* MIRPhotoDetailViewController.m in Sources */,
				3BF0BA70164B5AE800269D1A /* MIRLossReportListViewController.m in Sources */,
				3B5CB41B164CB611005B19FC /* Images.m in Sources */,
				3B5CB422164F32C2005B19FC /* MIRLossComposeMsgViewController.m in Sources */,
				3B83C6171651D7CC006C7D50 /* MIRLossReportInfoRequestController.m in Sources */,
				3B83C61A16536E1F006C7D50 /* MIRGeneratePDF.m in Sources */,
				3B08245716557E11000221B6 /* Items.m in Sources */,
				3B8C001F166414CC0074EB4B /* MIRInfoViewController.m in Sources */,
				3BDDEBB11665EF69001783E6 /* MIRChangeRoomViewController.m in Sources */,
			);
			runOnlyForDeploymentPostprocessing = 0;
		};
		3BAF8BAD161E8D5900B23848 /* Sources */ = {
			isa = PBXSourcesBuildPhase;
			buildActionMask = 2147483647;
			files = (
				3BAF8BC1161E8D5900B23848 /* houseCatTests.m in Sources */,
			);
			runOnlyForDeploymentPostprocessing = 0;
		};
/* End PBXSourcesBuildPhase section */

/* Begin PBXTargetDependency section */
		3BAF8BB8161E8D5900B23848 /* PBXTargetDependency */ = {
			isa = PBXTargetDependency;
			target = 3BAF8B87161E8D5900B23848 /* houseCat */;
			targetProxy = 3BAF8BB7161E8D5900B23848 /* PBXContainerItemProxy */;
		};
/* End PBXTargetDependency section */

/* Begin PBXVariantGroup section */
		3BAF8B95161E8D5900B23848 /* InfoPlist.strings */ = {
			isa = PBXVariantGroup;
			children = (
				3BAF8B96161E8D5900B23848 /* en */,
			);
			name = InfoPlist.strings;
			sourceTree = "<group>";
		};
		3BAF8BA4161E8D5900B23848 /* MainStoryboard_iPhone.storyboard */ = {
			isa = PBXVariantGroup;
			children = (
				3BAF8BA5161E8D5900B23848 /* en */,
			);
			name = MainStoryboard_iPhone.storyboard;
			sourceTree = "<group>";
		};
		3BAF8BA7161E8D5900B23848 /* MainStoryboard_iPad.storyboard */ = {
			isa = PBXVariantGroup;
			children = (
				3BAF8BA8161E8D5900B23848 /* en */,
			);
			name = MainStoryboard_iPad.storyboard;
			sourceTree = "<group>";
		};
		3BAF8BBC161E8D5900B23848 /* InfoPlist.strings */ = {
			isa = PBXVariantGroup;
			children = (
				3BAF8BBD161E8D5900B23848 /* en */,
			);
			name = InfoPlist.strings;
			sourceTree = "<group>";
		};
/* End PBXVariantGroup section */

/* Begin XCBuildConfiguration section */
		3BAF8BC2161E8D5900B23848 /* Debug */ = {
			isa = XCBuildConfiguration;
			buildSettings = {
				ALWAYS_SEARCH_USER_PATHS = NO;
				CLANG_CXX_LANGUAGE_STANDARD = "gnu++0x";
				CLANG_CXX_LIBRARY = "libc++";
				CLANG_ENABLE_OBJC_ARC = YES;
				CLANG_WARN_EMPTY_BODY = YES;
				CLANG_WARN__DUPLICATE_METHOD_MATCH = YES;
				"CODE_SIGN_IDENTITY[sdk=iphoneos*]" = "iPhone Developer";
				COPY_PHASE_STRIP = NO;
				GCC_C_LANGUAGE_STANDARD = gnu99;
				GCC_DYNAMIC_NO_PIC = NO;
				GCC_OPTIMIZATION_LEVEL = 0;
				GCC_PREPROCESSOR_DEFINITIONS = (
					"DEBUG=1",
					"$(inherited)",
				);
				GCC_SYMBOLS_PRIVATE_EXTERN = NO;
				GCC_WARN_ABOUT_RETURN_TYPE = YES;
				GCC_WARN_UNINITIALIZED_AUTOS = YES;
				GCC_WARN_UNUSED_VARIABLE = YES;
				IPHONEOS_DEPLOYMENT_TARGET = 6.0;
				SDKROOT = iphoneos;
				TARGETED_DEVICE_FAMILY = "1,2";
			};
			name = Debug;
		};
		3BAF8BC3161E8D5900B23848 /* Release */ = {
			isa = XCBuildConfiguration;
			buildSettings = {
				ALWAYS_SEARCH_USER_PATHS = NO;
				CLANG_CXX_LANGUAGE_STANDARD = "gnu++0x";
				CLANG_CXX_LIBRARY = "libc++";
				CLANG_ENABLE_OBJC_ARC = YES;
				CLANG_WARN_EMPTY_BODY = YES;
				CLANG_WARN__DUPLICATE_METHOD_MATCH = YES;
				"CODE_SIGN_IDENTITY[sdk=iphoneos*]" = "iPhone Developer";
				COPY_PHASE_STRIP = YES;
				GCC_C_LANGUAGE_STANDARD = gnu99;
				GCC_WARN_ABOUT_RETURN_TYPE = YES;
				GCC_WARN_UNINITIALIZED_AUTOS = YES;
				GCC_WARN_UNUSED_VARIABLE = YES;
				IPHONEOS_DEPLOYMENT_TARGET = 6.0;
				OTHER_CFLAGS = "-DNS_BLOCK_ASSERTIONS=1";
				SDKROOT = iphoneos;
				TARGETED_DEVICE_FAMILY = "1,2";
				VALIDATE_PRODUCT = YES;
			};
			name = Release;
		};
		3BAF8BC5161E8D5900B23848 /* Debug */ = {
			isa = XCBuildConfiguration;
			buildSettings = {
				CLANG_ANALYZER_SECURITY_FLOATLOOPCOUNTER = YES;
				CLANG_ANALYZER_SECURITY_INSECUREAPI_RAND = YES;
				CLANG_ANALYZER_SECURITY_INSECUREAPI_STRCPY = YES;
				CLANG_WARN_OBJC_IMPLICIT_ATOMIC_PROPERTIES = YES;
				CLANG_WARN_OBJC_MISSING_PROPERTY_SYNTHESIS = NO;
				CLANG_WARN_OBJC_RECEIVER_WEAK = YES;
				CLANG_WARN_SUSPICIOUS_IMPLICIT_CONVERSION = YES;
				GCC_PRECOMPILE_PREFIX_HEADER = YES;
				GCC_PREFIX_HEADER = "houseCat/houseCat-Prefix.pch";
				GCC_WARN_ABOUT_MISSING_PROTOTYPES = YES;
				GCC_WARN_PEDANTIC = YES;
				GCC_WARN_SHADOW = YES;
				GCC_WARN_STRICT_SELECTOR_MATCH = YES;
				GCC_WARN_UNDECLARED_SELECTOR = YES;
				GCC_WARN_UNUSED_FUNCTION = YES;
				GCC_WARN_UNUSED_PARAMETER = NO;
				INFOPLIST_FILE = "houseCat/houseCat-Info.plist";
				PRODUCT_NAME = "$(TARGET_NAME)";
				RUN_CLANG_STATIC_ANALYZER = YES;
				WRAPPER_EXTENSION = app;
			};
			name = Debug;
		};
		3BAF8BC6161E8D5900B23848 /* Release */ = {
			isa = XCBuildConfiguration;
			buildSettings = {
				CLANG_ANALYZER_SECURITY_FLOATLOOPCOUNTER = YES;
				CLANG_ANALYZER_SECURITY_INSECUREAPI_RAND = YES;
				CLANG_ANALYZER_SECURITY_INSECUREAPI_STRCPY = YES;
				CLANG_WARN_OBJC_IMPLICIT_ATOMIC_PROPERTIES = YES;
				CLANG_WARN_OBJC_MISSING_PROPERTY_SYNTHESIS = NO;
				CLANG_WARN_OBJC_RECEIVER_WEAK = YES;
				CLANG_WARN_SUSPICIOUS_IMPLICIT_CONVERSION = YES;
				GCC_PRECOMPILE_PREFIX_HEADER = YES;
				GCC_PREFIX_HEADER = "houseCat/houseCat-Prefix.pch";
				GCC_WARN_ABOUT_MISSING_PROTOTYPES = YES;
				GCC_WARN_PEDANTIC = YES;
				GCC_WARN_SHADOW = YES;
				GCC_WARN_STRICT_SELECTOR_MATCH = YES;
				GCC_WARN_UNDECLARED_SELECTOR = YES;
				GCC_WARN_UNUSED_FUNCTION = YES;
				GCC_WARN_UNUSED_PARAMETER = NO;
				INFOPLIST_FILE = "houseCat/houseCat-Info.plist";
				PRODUCT_NAME = "$(TARGET_NAME)";
				RUN_CLANG_STATIC_ANALYZER = YES;
				WRAPPER_EXTENSION = app;
			};
			name = Release;
		};
		3BAF8BC8161E8D5900B23848 /* Debug */ = {
			isa = XCBuildConfiguration;
			buildSettings = {
				BUNDLE_LOADER = "$(BUILT_PRODUCTS_DIR)/houseCat.app/houseCat";
				FRAMEWORK_SEARCH_PATHS = (
					"\"$(SDKROOT)/Developer/Library/Frameworks\"",
					"\"$(DEVELOPER_LIBRARY_DIR)/Frameworks\"",
				);
				GCC_PRECOMPILE_PREFIX_HEADER = YES;
				GCC_PREFIX_HEADER = "houseCat/houseCat-Prefix.pch";
				INFOPLIST_FILE = "houseCatTests/houseCatTests-Info.plist";
				PRODUCT_NAME = "$(TARGET_NAME)";
				TEST_HOST = "$(BUNDLE_LOADER)";
				WRAPPER_EXTENSION = octest;
			};
			name = Debug;
		};
		3BAF8BC9161E8D5900B23848 /* Release */ = {
			isa = XCBuildConfiguration;
			buildSettings = {
				BUNDLE_LOADER = "$(BUILT_PRODUCTS_DIR)/houseCat.app/houseCat";
				FRAMEWORK_SEARCH_PATHS = (
					"\"$(SDKROOT)/Developer/Library/Frameworks\"",
					"\"$(DEVELOPER_LIBRARY_DIR)/Frameworks\"",
				);
				GCC_PRECOMPILE_PREFIX_HEADER = YES;
				GCC_PREFIX_HEADER = "houseCat/houseCat-Prefix.pch";
				INFOPLIST_FILE = "houseCatTests/houseCatTests-Info.plist";
				PRODUCT_NAME = "$(TARGET_NAME)";
				TEST_HOST = "$(BUNDLE_LOADER)";
				WRAPPER_EXTENSION = octest;
			};
			name = Release;
		};
/* End XCBuildConfiguration section */

/* Begin XCConfigurationList section */
		3BAF8B82161E8D5900B23848 /* Build configuration list for PBXProject "houseCat" */ = {
			isa = XCConfigurationList;
			buildConfigurations = (
				3BAF8BC2161E8D5900B23848 /* Debug */,
				3BAF8BC3161E8D5900B23848 /* Release */,
			);
			defaultConfigurationIsVisible = 0;
			defaultConfigurationName = Release;
		};
		3BAF8BC4161E8D5900B23848 /* Build configuration list for PBXNativeTarget "houseCat" */ = {
			isa = XCConfigurationList;
			buildConfigurations = (
				3BAF8BC5161E8D5900B23848 /* Debug */,
				3BAF8BC6161E8D5900B23848 /* Release */,
			);
			defaultConfigurationIsVisible = 0;
			defaultConfigurationName = Release;
		};
		3BAF8BC7161E8D5900B23848 /* Build configuration list for PBXNativeTarget "houseCatTests" */ = {
			isa = XCConfigurationList;
			buildConfigurations = (
				3BAF8BC8161E8D5900B23848 /* Debug */,
				3BAF8BC9161E8D5900B23848 /* Release */,
			);
			defaultConfigurationIsVisible = 0;
			defaultConfigurationName = Release;
		};
/* End XCConfigurationList section */

/* Begin XCVersionGroup section */
		3B702FEF162D18BB00EE6C36 /* houseCat.xcdatamodeld */ = {
			isa = XCVersionGroup;
			children = (
				3B082452165575BD000221B6 /* houseCat_002.xcdatamodel */,
				3B08245816557F36000221B6 /* houseCat_003.xcdatamodel */,
				3B702FF0162D18BB00EE6C36 /* houseCat.xcdatamodel */,
			);
			currentVersion = 3B08245816557F36000221B6 /* houseCat_003.xcdatamodel */;
			path = houseCat.xcdatamodeld;
			sourceTree = "<group>";
			versionGroupType = wrapper.xcdatamodel;
		};
/* End XCVersionGroup section */
	};
	rootObject = 3BAF8B7F161E8D5900B23848 /* Project object */;
}
